github.com/ewaldhorn/dommie v0.0.4 h1:cwk/d4YI8EvMb8HYWKP3SUvMaNC0xf6NijfyabEdNjM=
github.com/ewaldhorn/dommie v0.0.4/go.mod h1:VaiFyEmQCeqofvW7PAMZSEQP6rSeoopoTyw4tUCZzVs=
github.com/ewaldhorn/tinycanvas v0.0.12 h1:hlZoDCOJKEnbAdK+KsB/TH43IL1KImtQ+fi951SMcOU=
github.com/ewaldhorn/tinycanvas v0.0.12/go.mod h1:OZF4+D9WIDsYxh90DRUP43LeA+O5fwzhFFDwJyCmnDI=
